
Microsoft Visual Studio Solution File, Format Version 12.00
# Visual Studio 15
VisualStudioVersion = 15.0.26430.14
MinimumVisualStudioVersion = 10.0.40219.1
Project("{FAE04EC0-301F-11D3-BF4B-00C04F79EFBC}") = "Core", "Core\Core.csproj", "{D2E56704-C3AF-489C-93F9-A2215E76AC7A}"
EndProject
Project("{FAE04EC0-301F-11D3-BF4B-00C04F79EFBC}") = "UnitTests", "UnitTests\UnitTests.csproj", "{22CD4AFB-DF25-4397-A176-6A3640803F7D}"
EndProject
Project("{FAE04EC0-301F-11D3-BF4B-00C04F79EFBC}") = "Console", "Console\Console.csproj", "{55E1FA18-5139-4955-884E-EEECAD38DEF0}"
EndProject
Global
	GlobalSection(SolutionConfigurationPlatforms) = preSolution
		Debug|Any CPU = Debug|Any CPU
		Release|Any CPU = Release|Any CPU
	EndGlobalSection
	GlobalSection(ProjectConfigurationPlatforms) = postSolution
		{D2E56704-C3AF-489C-93F9-A2215E76AC7A}.Debug|Any CPU.ActiveCfg = Debug|Any CPU
		{D2E56704-C3AF-489C-93F9-A2215E76AC7A}.Debug|Any CPU.Build.0 = Debug|Any CPU
		{D2E56704-C3AF-489C-93F9-A2215E76AC7A}.Release|Any CPU.ActiveCfg = Release|Any CPU
		{D2E56704-C3AF-489C-93F9-A2215E76AC7A}.Release|Any CPU.Build.0 = Release|Any CPU
		{22CD4AFB-DF25-4397-A176-6A3640803F7D}.Debug|Any CPU.ActiveCfg = Debug|Any CPU
		{22CD4AFB-DF25-4397-A176-6A3640803F7D}.Debug|Any CPU.Build.0 = Debug|Any CPU
		{22CD4AFB-DF25-4397-A176-6A3640803F7D}.Release|Any CPU.ActiveCfg = Release|Any CPU
		{22CD4AFB-DF25-4397-A176-6A3640803F7D}.Release|Any CPU.Build.0 = Release|Any CPU
		{55E1FA18-5139-4955-884E-EEECAD38DEF0}.Debug|Any CPU.ActiveCfg = Debug|Any CPU
		{55E1FA18-5139-4955-884E-EEECAD38DEF0}.Debug|Any CPU.Build.0 = Debug|Any CPU
		{55E1FA18-5139-4955-884E-EEECAD38DEF0}.Release|Any CPU.ActiveCfg = Release|Any CPU
		{55E1FA18-5139-4955-884E-EEECAD38DEF0}.Release|Any CPU.Build.0 = Release|Any CPU
	EndGlobalSection
	GlobalSection(SolutionProperties) = preSolution
		HideSolutionNode = FALSE
	EndGlobalSection
EndGlobal
